
Microsoft Visual Studio Solution File, Format Version 12.00
# Visual Studio Version 17
VisualStudioVersion = 17.10.35027.167
MinimumVisualStudioVersion = 10.0.40219.1
Project("{FAE04EC0-301F-11D3-BF4B-00C04F79EFBC}") = "Business", "Business\Business.csproj", "{8404225A-A588-4CC8-91F3-3306A845B858}"
EndProject
Project("{FAE04EC0-301F-11D3-BF4B-00C04F79EFBC}") = "DataAccess", "DataAccess\DataAccess.csproj", "{0FCC3B72-49BA-4B6E-9DC3-46427A3DA27B}"
EndProject
Project("{FAE04EC0-301F-11D3-BF4B-00C04F79EFBC}") = "Entities", "Entities\Entities.csproj", "{79320953-442D-4978-8316-BBACB19A662E}"
EndProject
Project("{FAE04EC0-301F-11D3-BF4B-00C04F79EFBC}") = "LibraryWeb", "LibraryWeb\LibraryWeb.csproj", "{C4950C98-2DD7-422F-8B96-A1AEE3F0930F}"
EndProject
Global
	GlobalSection(SolutionConfigurationPlatforms) = preSolution
		Debug|Any CPU = Debug|Any CPU
		Release|Any CPU = Release|Any CPU
	EndGlobalSection
	GlobalSection(ProjectConfigurationPlatforms) = postSolution
		{8404225A-A588-4CC8-91F3-3306A845B858}.Debug|Any CPU.ActiveCfg = Debug|Any CPU
		{8404225A-A588-4CC8-91F3-3306A845B858}.Debug|Any CPU.Build.0 = Debug|Any CPU
		{8404225A-A588-4CC8-91F3-3306A845B858}.Release|Any CPU.ActiveCfg = Release|Any CPU
		{8404225A-A588-4CC8-91F3-3306A845B858}.Release|Any CPU.Build.0 = Release|Any CPU
		{0FCC3B72-49BA-4B6E-9DC3-46427A3DA27B}.Debug|Any CPU.ActiveCfg = Debug|Any CPU
		{0FCC3B72-49BA-4B6E-9DC3-46427A3DA27B}.Debug|Any CPU.Build.0 = Debug|Any CPU
		{0FCC3B72-49BA-4B6E-9DC3-46427A3DA27B}.Release|Any CPU.ActiveCfg = Release|Any CPU
		{0FCC3B72-49BA-4B6E-9DC3-46427A3DA27B}.Release|Any CPU.Build.0 = Release|Any CPU
		{79320953-442D-4978-8316-BBACB19A662E}.Debug|Any CPU.ActiveCfg = Debug|Any CPU
		{79320953-442D-4978-8316-BBACB19A662E}.Debug|Any CPU.Build.0 = Debug|Any CPU
		{79320953-442D-4978-8316-BBACB19A662E}.Release|Any CPU.ActiveCfg = Release|Any CPU
		{79320953-442D-4978-8316-BBACB19A662E}.Release|Any CPU.Build.0 = Release|Any CPU
		{C4950C98-2DD7-422F-8B96-A1AEE3F0930F}.Debug|Any CPU.ActiveCfg = Debug|Any CPU
		{C4950C98-2DD7-422F-8B96-A1AEE3F0930F}.Debug|Any CPU.Build.0 = Debug|Any CPU
		{C4950C98-2DD7-422F-8B96-A1AEE3F0930F}.Release|Any CPU.ActiveCfg = Release|Any CPU
		{C4950C98-2DD7-422F-8B96-A1AEE3F0930F}.Release|Any CPU.Build.0 = Release|Any CPU
	EndGlobalSection
	GlobalSection(SolutionProperties) = preSolution
		HideSolutionNode = FALSE
	EndGlobalSection
	GlobalSection(ExtensibilityGlobals) = postSolution
		SolutionGuid = {077EE139-F4BB-432C-B813-91C8BDB4AE38}
	EndGlobalSection
EndGlobal
